
Microsoft Visual Studio Solution File, Format Version 12.00
# Visual Studio 15
VisualStudioVersion = 15.0.28010.2046
MinimumVisualStudioVersion = 10.0.40219.1
Project("{FAE04EC0-301F-11D3-BF4B-00C04F79EFBC}") = "RadixConverter", "RadixConverter\RadixConverter.csproj", "{D218F4D0-ABBE-441C-B140-EDC058598402}"
EndProject
Global
	GlobalSection(SolutionConfigurationPlatforms) = preSolution
		Debug|Any CPU = Debug|Any CPU
		Release|Any CPU = Release|Any CPU
	EndGlobalSection
	GlobalSection(ProjectConfigurationPlatforms) = postSolution
		{D218F4D0-ABBE-441C-B140-EDC058598402}.Debug|Any CPU.ActiveCfg = Debug|Any CPU
		{D218F4D0-ABBE-441C-B140-EDC058598402}.Debug|Any CPU.Build.0 = Debug|Any CPU
		{D218F4D0-ABBE-441C-B140-EDC058598402}.Release|Any CPU.ActiveCfg = Release|Any CPU
		{D218F4D0-ABBE-441C-B140-EDC058598402}.Release|Any CPU.Build.0 = Release|Any CPU
	EndGlobalSection
	GlobalSection(SolutionProperties) = preSolution
		HideSolutionNode = FALSE
	EndGlobalSection
	GlobalSection(ExtensibilityGlobals) = postSolution
		SolutionGuid = {10CAC20B-BD84-4909-B91E-D1A7CD9006CB}
	EndGlobalSection
EndGlobal
