
Microsoft Visual Studio Solution File, Format Version 12.00
# Visual Studio 15
VisualStudioVersion = 15.0.28010.2046
MinimumVisualStudioVersion = 10.0.40219.1
Project("{FAE04EC0-301F-11D3-BF4B-00C04F79EFBC}") = "test", "test\test.csproj", "{B49F8976-E74E-4234-BDDE-CAB91E80ABBC}"
EndProject
Global
	GlobalSection(SolutionConfigurationPlatforms) = preSolution
		Debug|Any CPU = Debug|Any CPU
		Release|Any CPU = Release|Any CPU
	EndGlobalSection
	GlobalSection(ProjectConfigurationPlatforms) = postSolution
		{B49F8976-E74E-4234-BDDE-CAB91E80ABBC}.Debug|Any CPU.ActiveCfg = Debug|Any CPU
		{B49F8976-E74E-4234-BDDE-CAB91E80ABBC}.Debug|Any CPU.Build.0 = Debug|Any CPU
		{B49F8976-E74E-4234-BDDE-CAB91E80ABBC}.Release|Any CPU.ActiveCfg = Release|Any CPU
		{B49F8976-E74E-4234-BDDE-CAB91E80ABBC}.Release|Any CPU.Build.0 = Release|Any CPU
	EndGlobalSection
	GlobalSection(SolutionProperties) = preSolution
		HideSolutionNode = FALSE
	EndGlobalSection
	GlobalSection(ExtensibilityGlobals) = postSolution
		SolutionGuid = {A4E43A20-EBDA-4C33-B325-11A1E79679C9}
	EndGlobalSection
EndGlobal
