
Microsoft Visual Studio Solution File, Format Version 12.00
# Visual Studio 15
VisualStudioVersion = 15.0.28010.2046
MinimumVisualStudioVersion = 10.0.40219.1
Project("{FAE04EC0-301F-11D3-BF4B-00C04F79EFBC}") = "DEV-8", "DEV-8\DEV-8.csproj", "{B519B34D-643A-4946-B1D0-C746BD3FA12C}"
EndProject
Global
	GlobalSection(SolutionConfigurationPlatforms) = preSolution
		Debug|Any CPU = Debug|Any CPU
		Release|Any CPU = Release|Any CPU
	EndGlobalSection
	GlobalSection(ProjectConfigurationPlatforms) = postSolution
		{B519B34D-643A-4946-B1D0-C746BD3FA12C}.Debug|Any CPU.ActiveCfg = Debug|Any CPU
		{B519B34D-643A-4946-B1D0-C746BD3FA12C}.Debug|Any CPU.Build.0 = Debug|Any CPU
		{B519B34D-643A-4946-B1D0-C746BD3FA12C}.Release|Any CPU.ActiveCfg = Release|Any CPU
		{B519B34D-643A-4946-B1D0-C746BD3FA12C}.Release|Any CPU.Build.0 = Release|Any CPU
	EndGlobalSection
	GlobalSection(SolutionProperties) = preSolution
		HideSolutionNode = FALSE
	EndGlobalSection
	GlobalSection(ExtensibilityGlobals) = postSolution
		SolutionGuid = {49104ED0-C9EA-46F5-8DF3-73E96826A76C}
	EndGlobalSection
EndGlobal
